{
  "meteor": {},
  "dependencies": {
    "basePackages": {
      "leaflet": {},
      "moment": {},
      "flash-messages": {}
    },
    "packages": {
      "leaflet": {
        "git": "https://github.com/bevanhunt/meteor-leaflet.git",
        "tag": "v0.1.8",
        "commit": "8a3d0f53734e4fe3efc3e6e39aa3da0209e2ec8e"
      },
      "moment": {
        "git": "https://github.com/acreeger/meteor-moment.git",
        "tag": "v2.2.1",
        "commit": "9ee12e714afe56b189f53076447b7b54f3012065"
      },
      "flash-messages": {
        "git": "https://github.com/camilosw/flash-messages.git",
        "tag": "v0.2.1",
        "commit": "62cf1ee531684808b91dbe3ff15e63f6d5af1c66"
      }
    }
  }
}
